<Solution>
  <Folder Name="/_root/">
    <File Path="Directory.Build.props" />
    <File Path="Directory.Packages.props" />
    <File Path=".editorconfig" />
  </Folder>
  <Folder Name="/building-blocks/">
    <Project Path="building-blocks/EventPlatform.Hosting/EventPlatform.Hosting.csproj" />
    <Project Path="building-blocks/EventPlatform.Contracts/EventPlatform.Contracts.csproj" />
    <Project Path="building-blocks/EventPlatform.Messaging/EventPlatform.Messaging.csproj" />
  </Folder>
  <Folder Name="/services/catalog/">
    <Project Path="services/catalog/Catalog.Domain/Catalog.Domain.csproj" />
    <Project Path="services/catalog/Catalog.Application/Catalog.Application.csproj" />
    <Project Path="services/catalog/Catalog.Infrastructure/Catalog.Infrastructure.csproj" />
    <Project Path="services/catalog/Catalog.Api/Catalog.Api.csproj" />
  </Folder>
  <Folder Name="/services/inventory/">
    <Project Path="services/inventory/Inventory.Domain/Inventory.Domain.csproj" />
    <Project Path="services/inventory/Inventory.Application/Inventory.Application.csproj" />
    <Project Path="services/inventory/Inventory.Infrastructure/Inventory.Infrastructure.csproj" />
    <Project Path="services/inventory/Inventory.Api/Inventory.Api.csproj" />
  </Folder>
  <Folder Name="/services/ordering/">
    <Project Path="services/ordering/Ordering.Domain/Ordering.Domain.csproj" />
    <Project Path="services/ordering/Ordering.Application/Ordering.Application.csproj" />
    <Project Path="services/ordering/Ordering.Infrastructure/Ordering.Infrastructure.csproj" />
    <Project Path="services/ordering/Ordering.Api/Ordering.Api.csproj" />
  </Folder>
  <Folder Name="/services/payments/">
    <Project Path="services/payments/Payments.Domain/Payments.Domain.csproj" />
    <Project Path="services/payments/Payments.Application/Payments.Application.csproj" />
    <Project Path="services/payments/Payments.Infrastructure/Payments.Infrastructure.csproj" />
    <Project Path="services/payments/Payments.Api/Payments.Api.csproj" />
  </Folder>
  <Folder Name="/services/ticketing/">
    <Project Path="services/ticketing/Ticketing.Domain/Ticketing.Domain.csproj" />
    <Project Path="services/ticketing/Ticketing.Application/Ticketing.Application.csproj" />
    <Project Path="services/ticketing/Ticketing.Infrastructure/Ticketing.Infrastructure.csproj" />
    <Project Path="services/ticketing/Ticketing.Api/Ticketing.Api.csproj" />
  </Folder>
</Solution>
